
Microsoft Visual Studio Solution File, Format Version 12.00
# Visual Studio Version 16
VisualStudioVersion = 16.0.30309.148
MinimumVisualStudioVersion = 10.0.40219.1
Project("{FAE04EC0-301F-11D3-BF4B-00C04F79EFBC}") = "AutofacInternalConstructor", "AutofacInternalConstructor\AutofacInternalConstructor.csproj", "{5C86F1F4-16E5-4288-A71F-C831D1D92548}"
EndProject
Project("{FAE04EC0-301F-11D3-BF4B-00C04F79EFBC}") = "Infrastructure", "Infrastructure\Infrastructure.csproj", "{45DAEF1F-728B-424F-99C1-66CF02E652CA}"
EndProject
Project("{FAE04EC0-301F-11D3-BF4B-00C04F79EFBC}") = "Core", "Core\Core.csproj", "{2A562446-7061-497F-80B2-60210C3937EB}"
EndProject
Global
	GlobalSection(SolutionConfigurationPlatforms) = preSolution
		Debug|Any CPU = Debug|Any CPU
		Release|Any CPU = Release|Any CPU
	EndGlobalSection
	GlobalSection(ProjectConfigurationPlatforms) = postSolution
		{5C86F1F4-16E5-4288-A71F-C831D1D92548}.Debug|Any CPU.ActiveCfg = Debug|Any CPU
		{5C86F1F4-16E5-4288-A71F-C831D1D92548}.Debug|Any CPU.Build.0 = Debug|Any CPU
		{5C86F1F4-16E5-4288-A71F-C831D1D92548}.Release|Any CPU.ActiveCfg = Release|Any CPU
		{5C86F1F4-16E5-4288-A71F-C831D1D92548}.Release|Any CPU.Build.0 = Release|Any CPU
		{45DAEF1F-728B-424F-99C1-66CF02E652CA}.Debug|Any CPU.ActiveCfg = Debug|Any CPU
		{45DAEF1F-728B-424F-99C1-66CF02E652CA}.Debug|Any CPU.Build.0 = Debug|Any CPU
		{45DAEF1F-728B-424F-99C1-66CF02E652CA}.Release|Any CPU.ActiveCfg = Release|Any CPU
		{45DAEF1F-728B-424F-99C1-66CF02E652CA}.Release|Any CPU.Build.0 = Release|Any CPU
		{2A562446-7061-497F-80B2-60210C3937EB}.Debug|Any CPU.ActiveCfg = Debug|Any CPU
		{2A562446-7061-497F-80B2-60210C3937EB}.Debug|Any CPU.Build.0 = Debug|Any CPU
		{2A562446-7061-497F-80B2-60210C3937EB}.Release|Any CPU.ActiveCfg = Release|Any CPU
		{2A562446-7061-497F-80B2-60210C3937EB}.Release|Any CPU.Build.0 = Release|Any CPU
	EndGlobalSection
	GlobalSection(SolutionProperties) = preSolution
		HideSolutionNode = FALSE
	EndGlobalSection
	GlobalSection(ExtensibilityGlobals) = postSolution
		SolutionGuid = {DF55F0AD-67F8-4B8C-8C16-7B3CB716E301}
	EndGlobalSection
EndGlobal
